// !$*UTF8*$!
{
	archiveVersion = 1;
	classes = {
	};
	objectVersion = 50;
	objects = {

/* Begin PBXBuildFile section */
		FB2A5FD7219289720023C950 /* AppDelegate.swift in Sources */ = {isa = PBXBuildFile; fileRef = FB2A5FD6219289720023C950 /* AppDelegate.swift */; };
		FB2A5FD9219289720023C950 /* ViewController.swift in Sources */ = {isa = PBXBuildFile; fileRef = FB2A5FD8219289720023C950 /* ViewController.swift */; };
		FB2A5FDC219289720023C950 /* Main.storyboard in Resources */ = {isa = PBXBuildFile; fileRef = FB2A5FDA219289720023C950 /* Main.storyboard */; };
		FB2A5FDE219289720023C950 /* Assets.xcassets in Resources */ = {isa = PBXBuildFile; fileRef = FB2A5FDD219289720023C950 /* Assets.xcassets */; };
		FB2A5FE1219289720023C950 /* LaunchScreen.storyboard in Resources */ = {isa = PBXBuildFile; fileRef = FB2A5FDF219289720023C950 /* LaunchScreen.storyboard */; };
		FB2A5FEC219289720023C950 /* Team_Rad_LEDTests.swift in Sources */ = {isa = PBXBuildFile; fileRef = FB2A5FEB219289720023C950 /* Team_Rad_LEDTests.swift */; };
		FB2A5FF7219289730023C950 /* Team_Rad_LEDUITests.swift in Sources */ = {isa = PBXBuildFile; fileRef = FB2A5FF6219289730023C950 /* Team_Rad_LEDUITests.swift */; };
/* End PBXBuildFile section */

/* Begin PBXContainerItemProxy section */
		FB2A5FE8219289720023C950 /* PBXContainerItemProxy */ = {
			isa = PBXContainerItemProxy;
			containerPortal = FB2A5FCB219289720023C950 /* Project object */;
			proxyType = 1;
			remoteGlobalIDString = FB2A5FD2219289720023C950;
			remoteInfo = "Team Rad LED";
		};
		FB2A5FF3219289730023C950 /* PBXContainerItemProxy */ = {
			isa = PBXContainerItemProxy;
			containerPortal = FB2A5FCB219289720023C950 /* Project object */;
			proxyType = 1;
			remoteGlobalIDString = FB2A5FD2219289720023C950;
			remoteInfo = "Team Rad LED";
		};
/* End PBXContainerItemProxy section */

/* Begin PBXFileReference section */
		FB2A5FD3219289720023C950 /* Team Rad LED.app */ = {isa = PBXFileReference; explicitFileType = wrapper.application; includeInIndex = 0; path = "Team Rad LED.app"; sourceTree = BUILT_PRODUCTS_DIR; };
		FB2A5FD6219289720023C950 /* AppDelegate.swift */ = {isa = PBXFileReference; lastKnownFileType = sourcecode.swift; path = AppDelegate.swift; sourceTree = "<group>"; };
		FB2A5FD8219289720023C950 /* ViewController.swift */ = {isa = PBXFileReference; lastKnownFileType = sourcecode.swift; path = ViewController.swift; sourceTree = "<group>"; };
		FB2A5FDB219289720023C950 /* Base */ = {isa = PBXFileReference; lastKnownFileType = file.storyboard; name = Base; path = Base.lproj/Main.storyboard; sourceTree = "<group>"; };
		FB2A5FDD219289720023C950 /* Assets.xcassets */ = {isa = PBXFileReference; lastKnownFileType = folder.assetcatalog; path = Assets.xcassets; sourceTree = "<group>"; };
		FB2A5FE0219289720023C950 /* Base */ = {isa = PBXFileReference; lastKnownFileType = file.storyboard; name = Base; path = Base.lproj/LaunchScreen.storyboard; sourceTree = "<group>"; };
		FB2A5FE2219289720023C950 /* Info.plist */ = {isa = PBXFileReference; lastKnownFileType = text.plist.xml; path = Info.plist; sourceTree = "<group>"; };
		FB2A5FE7219289720023C950 /* Team Rad LEDTests.xctest */ = {isa = PBXFileReference; explicitFileType = wrapper.cfbundle; includeInIndex = 0; path = "Team Rad LEDTests.xctest"; sourceTree = BUILT_PRODUCTS_DIR; };
		FB2A5FEB219289720023C950 /* Team_Rad_LEDTests.swift */ = {isa = PBXFileReference; lastKnownFileType = sourcecode.swift; path = Team_Rad_LEDTests.swift; sourceTree = "<group>"; };
		FB2A5FED219289720023C950 /* Info.plist */ = {isa = PBXFileReference; lastKnownFileType = text.plist.xml; path = Info.plist; sourceTree = "<group>"; };
		FB2A5FF2219289730023C950 /* Team Rad LEDUITests.xctest */ = {isa = PBXFileReference; explicitFileType = wrapper.cfbundle; includeInIndex = 0; path = "Team Rad LEDUITests.xctest"; sourceTree = BUILT_PRODUCTS_DIR; };
		FB2A5FF6219289730023C950 /* Team_Rad_LEDUITests.swift */ = {isa = PBXFileReference; lastKnownFileType = sourcecode.swift; path = Team_Rad_LEDUITests.swift; sourceTree = "<group>"; };
		FB2A5FF8219289730023C950 /* Info.plist */ = {isa = PBXFileReference; lastKnownFileType = text.plist.xml; path = Info.plist; sourceTree = "<group>"; };
/* End PBXFileReference section */

/* Begin PBXFrameworksBuildPhase section */
		FB2A5FD0219289720023C950 /* Frameworks */ = {
			isa = PBXFrameworksBuildPhase;
			buildActionMask = 2147483647;
			files = (
			);
			runOnlyForDeploymentPostprocessing = 0;
		};
		FB2A5FE4219289720023C950 /* Frameworks */ = {
			isa = PBXFrameworksBuildPhase;
			buildActionMask = 2147483647;
			files = (
			);
			runOnlyForDeploymentPostprocessing = 0;
		};
		FB2A5FEF219289730023C950 /* Frameworks */ = {
			isa = PBXFrameworksBuildPhase;
			buildActionMask = 2147483647;
			files = (
			);
			runOnlyForDeploymentPostprocessing = 0;
		};
/* End PBXFrameworksBuildPhase section */

/* Begin PBXGroup section */
		FB2A5FCA219289720023C950 = {
			isa = PBXGroup;
			children = (
				FB2A5FD5219289720023C950 /* Team Rad LED */,
				FB2A5FEA219289720023C950 /* Team Rad LEDTests */,
				FB2A5FF5219289730023C950 /* Team Rad LEDUITests */,
				FB2A5FD4219289720023C950 /* Products */,
			);
			sourceTree = "<group>";
		};
		FB2A5FD4219289720023C950 /* Products */ = {
			isa = PBXGroup;
			children = (
				FB2A5FD3219289720023C950 /* Team Rad LED.app */,
				FB2A5FE7219289720023C950 /* Team Rad LEDTests.xctest */,
				FB2A5FF2219289730023C950 /* Team Rad LEDUITests.xctest */,
			);
			name = Products;
			sourceTree = "<group>";
		};
		FB2A5FD5219289720023C950 /* Team Rad LED */ = {
			isa = PBXGroup;
			children = (
				FB2A5FD6219289720023C950 /* AppDelegate.swift */,
				FB2A5FD8219289720023C950 /* ViewController.swift */,
				FB2A5FDA219289720023C950 /* Main.storyboard */,
				FB2A5FDD219289720023C950 /* Assets.xcassets */,
				FB2A5FDF219289720023C950 /* LaunchScreen.storyboard */,
				FB2A5FE2219289720023C950 /* Info.plist */,
			);
			path = "Team Rad LED";
			sourceTree = "<group>";
		};
		FB2A5FEA219289720023C950 /* Team Rad LEDTests */ = {
			isa = PBXGroup;
			children = (
				FB2A5FEB219289720023C950 /* Team_Rad_LEDTests.swift */,
				FB2A5FED219289720023C950 /* Info.plist */,
			);
			path = "Team Rad LEDTests";
			sourceTree = "<group>";
		};
		FB2A5FF5219289730023C950 /* Team Rad LEDUITests */ = {
			isa = PBXGroup;
			children = (
				FB2A5FF6219289730023C950 /* Team_Rad_LEDUITests.swift */,
				FB2A5FF8219289730023C950 /* Info.plist */,
			);
			path = "Team Rad LEDUITests";
			sourceTree = "<group>";
		};
/* End PBXGroup section */

/* Begin PBXNativeTarget section */
		FB2A5FD2219289720023C950 /* Team Rad LED */ = {
			isa = PBXNativeTarget;
			buildConfigurationList = FB2A5FFB219289730023C950 /* Build configuration list for PBXNativeTarget "Team Rad LED" */;
			buildPhases = (
				FB2A5FCF219289720023C950 /* Sources */,
				FB2A5FD0219289720023C950 /* Frameworks */,
				FB2A5FD1219289720023C950 /* Resources */,
			);
			buildRules = (
			);
			dependencies = (
			);
			name = "Team Rad LED";
			productName = "Team Rad LED";
			productReference = FB2A5FD3219289720023C950 /* Team Rad LED.app */;
			productType = "com.apple.product-type.application";
		};
		FB2A5FE6219289720023C950 /* Team Rad LEDTests */ = {
			isa = PBXNativeTarget;
			buildConfigurationList = FB2A5FFE219289730023C950 /* Build configuration list for PBXNativeTarget "Team Rad LEDTests" */;
			buildPhases = (
				FB2A5FE3219289720023C950 /* Sources */,
				FB2A5FE4219289720023C950 /* Frameworks */,
				FB2A5FE5219289720023C950 /* Resources */,
			);
			buildRules = (
			);
			dependencies = (
				FB2A5FE9219289720023C950 /* PBXTargetDependency */,
			);
			name = "Team Rad LEDTests";
			productName = "Team Rad LEDTests";
			productReference = FB2A5FE7219289720023C950 /* Team Rad LEDTests.xctest */;
			productType = "com.apple.product-type.bundle.unit-test";
		};
		FB2A5FF1219289730023C950 /* Team Rad LEDUITests */ = {
			isa = PBXNativeTarget;
			buildConfigurationList = FB2A6001219289730023C950 /* Build configuration list for PBXNativeTarget "Team Rad LEDUITests" */;
			buildPhases = (
				FB2A5FEE219289720023C950 /* Sources */,
				FB2A5FEF219289730023C950 /* Frameworks */,
				FB2A5FF0219289730023C950 /* Resources */,
			);
			buildRules = (
			);
			dependencies = (
				FB2A5FF4219289730023C950 /* PBXTargetDependency */,
			);
			name = "Team Rad LEDUITests";
			productName = "Team Rad LEDUITests";
			productReference = FB2A5FF2219289730023C950 /* Team Rad LEDUITests.xctest */;
			productType = "com.apple.product-type.bundle.ui-testing";
		};
/* End PBXNativeTarget section */

/* Begin PBXProject section */
		FB2A5FCB219289720023C950 /* Project object */ = {
			isa = PBXProject;
			attributes = {
				LastSwiftUpdateCheck = 1010;
				LastUpgradeCheck = 1010;
				ORGANIZATIONNAME = "Pascale Walters";
				TargetAttributes = {
					FB2A5FD2219289720023C950 = {
						CreatedOnToolsVersion = 10.1;
					};
					FB2A5FE6219289720023C950 = {
						CreatedOnToolsVersion = 10.1;
						TestTargetID = FB2A5FD2219289720023C950;
					};
					FB2A5FF1219289730023C950 = {
						CreatedOnToolsVersion = 10.1;
						TestTargetID = FB2A5FD2219289720023C950;
					};
				};
			};
			buildConfigurationList = FB2A5FCE219289720023C950 /* Build configuration list for PBXProject "Team Rad LED" */;
			compatibilityVersion = "Xcode 9.3";
			developmentRegion = en;
			hasScannedForEncodings = 0;
			knownRegions = (
				en,
				Base,
			);
			mainGroup = FB2A5FCA219289720023C950;
			productRefGroup = FB2A5FD4219289720023C950 /* Products */;
			projectDirPath = "";
			projectRoot = "";
			targets = (
				FB2A5FD2219289720023C950 /* Team Rad LED */,
				FB2A5FE6219289720023C950 /* Team Rad LEDTests */,
				FB2A5FF1219289730023C950 /* Team Rad LEDUITests */,
			);
		};
/* End PBXProject section */

/* Begin PBXResourcesBuildPhase section */
		FB2A5FD1219289720023C950 /* Resources */ = {
			isa = PBXResourcesBuildPhase;
			buildActionMask = 2147483647;
			files = (
				FB2A5FE1219289720023C950 /* LaunchScreen.storyboard in Resources */,
				FB2A5FDE219289720023C950 /* Assets.xcassets in Resources */,
				FB2A5FDC219289720023C950 /* Main.storyboard in Resources */,
			);
			runOnlyForDeploymentPostprocessing = 0;
		};
		FB2A5FE5219289720023C950 /* Resources */ = {
			isa = PBXResourcesBuildPhase;
			buildActionMask = 2147483647;
			files = (
			);
			runOnlyForDeploymentPostprocessing = 0;
		};
		FB2A5FF0219289730023C950 /* Resources */ = {
			isa = PBXResourcesBuildPhase;
			buildActionMask = 2147483647;
			files = (
			);
			runOnlyForDeploymentPostprocessing = 0;
		};
/* End PBXResourcesBuildPhase section */

/* Begin PBXSourcesBuildPhase section */
		FB2A5FCF219289720023C950 /* Sources */ = {
			isa = PBXSourcesBuildPhase;
			buildActionMask = 2147483647;
			files = (
				FB2A5FD9219289720023C950 /* ViewController.swift in Sources */,
				FB2A5FD7219289720023C950 /* AppDelegate.swift in Sources */,
			);
			runOnlyForDeploymentPostprocessing = 0;
		};
		FB2A5FE3219289720023C950 /* Sources */ = {
			isa = PBXSourcesBuildPhase;
			buildActionMask = 2147483647;
			files = (
				FB2A5FEC219289720023C950 /* Team_Rad_LEDTests.swift in Sources */,
			);
			runOnlyForDeploymentPostprocessing = 0;
		};
		FB2A5FEE219289720023C950 /* Sources */ = {
			isa = PBXSourcesBuildPhase;
			buildActionMask = 2147483647;
			files = (
				FB2A5FF7219289730023C950 /* Team_Rad_LEDUITests.swift in Sources */,
			);
			runOnlyForDeploymentPostprocessing = 0;
		};
/* End PBXSourcesBuildPhase section */

/* Begin PBXTargetDependency section */
		FB2A5FE9219289720023C950 /* PBXTargetDependency */ = {
			isa = PBXTargetDependency;
			target = FB2A5FD2219289720023C950 /* Team Rad LED */;
			targetProxy = FB2A5FE8219289720023C950 /* PBXContainerItemProxy */;
		};
		FB2A5FF4219289730023C950 /* PBXTargetDependency */ = {
			isa = PBXTargetDependency;
			target = FB2A5FD2219289720023C950 /* Team Rad LED */;
			targetProxy = FB2A5FF3219289730023C950 /* PBXContainerItemProxy */;
		};
/* End PBXTargetDependency section */

/* Begin PBXVariantGroup section */
		FB2A5FDA219289720023C950 /* Main.storyboard */ = {
			isa = PBXVariantGroup;
			children = (
				FB2A5FDB219289720023C950 /* Base */,
			);
			name = Main.storyboard;
			sourceTree = "<group>";
		};
		FB2A5FDF219289720023C950 /* LaunchScreen.storyboard */ = {
			isa = PBXVariantGroup;
			children = (
				FB2A5FE0219289720023C950 /* Base */,
			);
			name = LaunchScreen.storyboard;
			sourceTree = "<group>";
		};
/* End PBXVariantGroup section */

/* Begin XCBuildConfiguration section */
		FB2A5FF9219289730023C950 /* Debug */ = {
			isa = XCBuildConfiguration;
			buildSettings = {
				ALWAYS_SEARCH_USER_PATHS = NO;
				CLANG_ANALYZER_NONNULL = YES;
				CLANG_ANALYZER_NUMBER_OBJECT_CONVERSION = YES_AGGRESSIVE;
				CLANG_CXX_LANGUAGE_STANDARD = "gnu++14";
				CLANG_CXX_LIBRARY = "libc++";
				CLANG_ENABLE_MODULES = YES;
				CLANG_ENABLE_OBJC_ARC = YES;
				CLANG_ENABLE_OBJC_WEAK = YES;
				CLANG_WARN_BLOCK_CAPTURE_AUTORELEASING = YES;
				CLANG_WARN_BOOL_CONVERSION = YES;
				CLANG_WARN_COMMA = YES;
				CLANG_WARN_CONSTANT_CONVERSION = YES;
				CLANG_WARN_DEPRECATED_OBJC_IMPLEMENTATIONS = YES;
				CLANG_WARN_DIRECT_OBJC_ISA_USAGE = YES_ERROR;
				CLANG_WARN_DOCUMENTATION_COMMENTS = YES;
				CLANG_WARN_EMPTY_BODY = YES;
				CLANG_WARN_ENUM_CONVERSION = YES;
				CLANG_WARN_INFINITE_RECURSION = YES;
				CLANG_WARN_INT_CONVERSION = YES;
				CLANG_WARN_NON_LITERAL_NULL_CONVERSION = YES;
				CLANG_WARN_OBJC_IMPLICIT_RETAIN_SELF = YES;
				CLANG_WARN_OBJC_LITERAL_CONVERSION = YES;
				CLANG_WARN_OBJC_ROOT_CLASS = YES_ERROR;
				CLANG_WARN_RANGE_LOOP_ANALYSIS = YES;
				CLANG_WARN_STRICT_PROTOTYPES = YES;
				CLANG_WARN_SUSPICIOUS_MOVE = YES;
				CLANG_WARN_UNGUARDED_AVAILABILITY = YES_AGGRESSIVE;
				CLANG_WARN_UNREACHABLE_CODE = YES;
				CLANG_WARN__DUPLICATE_METHOD_MATCH = YES;
				CODE_SIGN_IDENTITY = "iPhone Developer";
				COPY_PHASE_STRIP = NO;
				DEBUG_INFORMATION_FORMAT = dwarf;
				ENABLE_STRICT_OBJC_MSGSEND = YES;
				ENABLE_TESTABILITY = YES;
				GCC_C_LANGUAGE_STANDARD = gnu11;
				GCC_DYNAMIC_NO_PIC = NO;
				GCC_NO_COMMON_BLOCKS = YES;
				GCC_OPTIMIZATION_LEVEL = 0;
				GCC_PREPROCESSOR_DEFINITIONS = (
					"DEBUG=1",
					"$(inherited)",
				);
				GCC_WARN_64_TO_32_BIT_CONVERSION = YES;
				GCC_WARN_ABOUT_RETURN_TYPE = YES_ERROR;
				GCC_WARN_UNDECLARED_SELECTOR = YES;
				GCC_WARN_UNINITIALIZED_AUTOS = YES_AGGRESSIVE;
				GCC_WARN_UNUSED_FUNCTION = YES;
				GCC_WARN_UNUSED_VARIABLE = YES;
				IPHONEOS_DEPLOYMENT_TARGET = 12.1;
				MTL_ENABLE_DEBUG_INFO = INCLUDE_SOURCE;
				MTL_FAST_MATH = YES;
				ONLY_ACTIVE_ARCH = YES;
				SDKROOT = iphoneos;
				SWIFT_ACTIVE_COMPILATION_CONDITIONS = DEBUG;
				SWIFT_OPTIMIZATION_LEVEL = "-Onone";
			};
			name = Debug;
		};
		FB2A5FFA219289730023C950 /* Release */ = {
			isa = XCBuildConfiguration;
			buildSettings = {
				ALWAYS_SEARCH_USER_PATHS = NO;
				CLANG_ANALYZER_NONNULL = YES;
				CLANG_ANALYZER_NUMBER_OBJECT_CONVERSION = YES_AGGRESSIVE;
				CLANG_CXX_LANGUAGE_STANDARD = "gnu++14";
				CLANG_CXX_LIBRARY = "libc++";
				CLANG_ENABLE_MODULES = YES;
				CLANG_ENABLE_OBJC_ARC = YES;
				CLANG_ENABLE_OBJC_WEAK = YES;
				CLANG_WARN_BLOCK_CAPTURE_AUTORELEASING = YES;
				CLANG_WARN_BOOL_CONVERSION = YES;
				CLANG_WARN_COMMA = YES;
				CLANG_WARN_CONSTANT_CONVERSION = YES;
				CLANG_WARN_DEPRECATED_OBJC_IMPLEMENTATIONS = YES;
				CLANG_WARN_DIRECT_OBJC_ISA_USAGE = YES_ERROR;
				CLANG_WARN_DOCUMENTATION_COMMENTS = YES;
				CLANG_WARN_EMPTY_BODY = YES;
				CLANG_WARN_ENUM_CONVERSION = YES;
				CLANG_WARN_INFINITE_RECURSION = YES;
				CLANG_WARN_INT_CONVERSION = YES;
				CLANG_WARN_NON_LITERAL_NULL_CONVERSION = YES;
				CLANG_WARN_OBJC_IMPLICIT_RETAIN_SELF = YES;
				CLANG_WARN_OBJC_LITERAL_CONVERSION = YES;
				CLANG_WARN_OBJC_ROOT_CLASS = YES_ERROR;
				CLANG_WARN_RANGE_LOOP_ANALYSIS = YES;
				CLANG_WARN_STRICT_PROTOTYPES = YES;
				CLANG_WARN_SUSPICIOUS_MOVE = YES;
				CLANG_WARN_UNGUARDED_AVAILABILITY = YES_AGGRESSIVE;
				CLANG_WARN_UNREACHABLE_CODE = YES;
				CLANG_WARN__DUPLICATE_METHOD_MATCH = YES;
				CODE_SIGN_IDENTITY = "iPhone Developer";
				COPY_PHASE_STRIP = NO;
				DEBUG_INFORMATION_FORMAT = "dwarf-with-dsym";
				ENABLE_NS_ASSERTIONS = NO;
				ENABLE_STRICT_OBJC_MSGSEND = YES;
				GCC_C_LANGUAGE_STANDARD = gnu11;
				GCC_NO_COMMON_BLOCKS = YES;
				GCC_WARN_64_TO_32_BIT_CONVERSION = YES;
				GCC_WARN_ABOUT_RETURN_TYPE = YES_ERROR;
				GCC_WARN_UNDECLARED_SELECTOR = YES;
				GCC_WARN_UNINITIALIZED_AUTOS = YES_AGGRESSIVE;
				GCC_WARN_UNUSED_FUNCTION = YES;
				GCC_WARN_UNUSED_VARIABLE = YES;
				IPHONEOS_DEPLOYMENT_TARGET = 12.1;
				MTL_ENABLE_DEBUG_INFO = NO;
				MTL_FAST_MATH = YES;
				SDKROOT = iphoneos;
				SWIFT_COMPILATION_MODE = wholemodule;
				SWIFT_OPTIMIZATION_LEVEL = "-O";
				VALIDATE_PRODUCT = YES;
			};
			name = Release;
		};
		FB2A5FFC219289730023C950 /* Debug */ = {
			isa = XCBuildConfiguration;
			buildSettings = {
				ASSETCATALOG_COMPILER_APPICON_NAME = AppIcon;
				CODE_SIGN_STYLE = Automatic;
				DEVELOPMENT_TEAM = FWU4S844X5;
				INFOPLIST_FILE = "Team Rad LED/Info.plist";
				LD_RUNPATH_SEARCH_PATHS = (
					"$(inherited)",
					"@executable_path/Frameworks",
				);
				PRODUCT_BUNDLE_IDENTIFIER = "com.example.Team-Rad-LED";
				PRODUCT_NAME = "$(TARGET_NAME)";
				SWIFT_VERSION = 4.2;
				TARGETED_DEVICE_FAMILY = "1,2";
			};
			name = Debug;
		};
		FB2A5FFD219289730023C950 /* Release */ = {
			isa = XCBuildConfiguration;
			buildSettings = {
				ASSETCATALOG_COMPILER_APPICON_NAME = AppIcon;
				CODE_SIGN_STYLE = Automatic;
				DEVELOPMENT_TEAM = FWU4S844X5;
				INFOPLIST_FILE = "Team Rad LED/Info.plist";
				LD_RUNPATH_SEARCH_PATHS = (
					"$(inherited)",
					"@executable_path/Frameworks",
				);
				PRODUCT_BUNDLE_IDENTIFIER = "com.example.Team-Rad-LED";
				PRODUCT_NAME = "$(TARGET_NAME)";
				SWIFT_VERSION = 4.2;
				TARGETED_DEVICE_FAMILY = "1,2";
			};
			name = Release;
		};
		FB2A5FFF219289730023C950 /* Debug */ = {
			isa = XCBuildConfiguration;
			buildSettings = {
				ALWAYS_EMBED_SWIFT_STANDARD_LIBRARIES = YES;
				BUNDLE_LOADER = "$(TEST_HOST)";
				CODE_SIGN_STYLE = Automatic;
				DEVELOPMENT_TEAM = FWU4S844X5;
				INFOPLIST_FILE = "Team Rad LEDTests/Info.plist";
				LD_RUNPATH_SEARCH_PATHS = (
					"$(inherited)",
					"@executable_path/Frameworks",
					"@loader_path/Frameworks",
				);
				PRODUCT_BUNDLE_IDENTIFIER = "com.example.Team-Rad-LEDTests";
				PRODUCT_NAME = "$(TARGET_NAME)";
				SWIFT_VERSION = 4.2;
				TARGETED_DEVICE_FAMILY = "1,2";
				TEST_HOST = "$(BUILT_PRODUCTS_DIR)/Team Rad LED.app/Team Rad LED";
			};
			name = Debug;
		};
		FB2A6000219289730023C950 /* Release */ = {
			isa = XCBuildConfiguration;
			buildSettings = {
				ALWAYS_EMBED_SWIFT_STANDARD_LIBRARIES = YES;
				BUNDLE_LOADER = "$(TEST_HOST)";
				CODE_SIGN_STYLE = Automatic;
				DEVELOPMENT_TEAM = FWU4S844X5;
				INFOPLIST_FILE = "Team Rad LEDTests/Info.plist";
				LD_RUNPATH_SEARCH_PATHS = (
					"$(inherited)",
					"@executable_path/Frameworks",
					"@loader_path/Frameworks",
				);
				PRODUCT_BUNDLE_IDENTIFIER = "com.example.Team-Rad-LEDTests";
				PRODUCT_NAME = "$(TARGET_NAME)";
				SWIFT_VERSION = 4.2;
				TARGETED_DEVICE_FAMILY = "1,2";
				TEST_HOST = "$(BUILT_PRODUCTS_DIR)/Team Rad LED.app/Team Rad LED";
			};
			name = Release;
		};
		FB2A6002219289730023C950 /* Debug */ = {
			isa = XCBuildConfiguration;
			buildSettings = {
				ALWAYS_EMBED_SWIFT_STANDARD_LIBRARIES = YES;
				CODE_SIGN_STYLE = Automatic;
				DEVELOPMENT_TEAM = FWU4S844X5;
				INFOPLIST_FILE = "Team Rad LEDUITests/Info.plist";
				LD_RUNPATH_SEARCH_PATHS = (
					"$(inherited)",
					"@executable_path/Frameworks",
					"@loader_path/Frameworks",
				);
				PRODUCT_BUNDLE_IDENTIFIER = "com.example.Team-Rad-LEDUITests";
				PRODUCT_NAME = "$(TARGET_NAME)";
				SWIFT_VERSION = 4.2;
				TARGETED_DEVICE_FAMILY = "1,2";
				TEST_TARGET_NAME = "Team Rad LED";
			};
			name = Debug;
		};
		FB2A6003219289730023C950 /* Release */ = {
			isa = XCBuildConfiguration;
			buildSettings = {
				ALWAYS_EMBED_SWIFT_STANDARD_LIBRARIES = YES;
				CODE_SIGN_STYLE = Automatic;
				DEVELOPMENT_TEAM = FWU4S844X5;
				INFOPLIST_FILE = "Team Rad LEDUITests/Info.plist";
				LD_RUNPATH_SEARCH_PATHS = (
					"$(inherited)",
					"@executable_path/Frameworks",
					"@loader_path/Frameworks",
				);
				PRODUCT_BUNDLE_IDENTIFIER = "com.example.Team-Rad-LEDUITests";
				PRODUCT_NAME = "$(TARGET_NAME)";
				SWIFT_VERSION = 4.2;
				TARGETED_DEVICE_FAMILY = "1,2";
				TEST_TARGET_NAME = "Team Rad LED";
			};
			name = Release;
		};
/* End XCBuildConfiguration section */

/* Begin XCConfigurationList section */
		FB2A5FCE219289720023C950 /* Build configuration list for PBXProject "Team Rad LED" */ = {
			isa = XCConfigurationList;
			buildConfigurations = (
				FB2A5FF9219289730023C950 /* Debug */,
				FB2A5FFA219289730023C950 /* Release */,
			);
			defaultConfigurationIsVisible = 0;
			defaultConfigurationName = Release;
		};
		FB2A5FFB219289730023C950 /* Build configuration list for PBXNativeTarget "Team Rad LED" */ = {
			isa = XCConfigurationList;
			buildConfigurations = (
				FB2A5FFC219289730023C950 /* Debug */,
				FB2A5FFD219289730023C950 /* Release */,
			);
			defaultConfigurationIsVisible = 0;
			defaultConfigurationName = Release;
		};
		FB2A5FFE219289730023C950 /* Build configuration list for PBXNativeTarget "Team Rad LEDTests" */ = {
			isa = XCConfigurationList;
			buildConfigurations = (
				FB2A5FFF219289730023C950 /* Debug */,
				FB2A6000219289730023C950 /* Release */,
			);
			defaultConfigurationIsVisible = 0;
			defaultConfigurationName = Release;
		};
		FB2A6001219289730023C950 /* Build configuration list for PBXNativeTarget "Team Rad LEDUITests" */ = {
			isa = XCConfigurationList;
			buildConfigurations = (
				FB2A6002219289730023C950 /* Debug */,
				FB2A6003219289730023C950 /* Release */,
			);
			defaultConfigurationIsVisible = 0;
			defaultConfigurationName = Release;
		};
/* End XCConfigurationList section */
	};
	rootObject = FB2A5FCB219289720023C950 /* Project object */;
}
